
Microsoft Visual Studio Solution File, Format Version 12.00
# Visual Studio Version 16
VisualStudioVersion = 16.0.30104.148
MinimumVisualStudioVersion = 10.0.40219.1
Project("{FAE04EC0-301F-11D3-BF4B-00C04F79EFBC}") = "HideGame", "HideGame\HideGame.csproj", "{91B22BE1-C221-41D6-A6F6-FF62BBFF9B4D}"
EndProject
Global
	GlobalSection(SolutionConfigurationPlatforms) = preSolution
		Debug|Any CPU = Debug|Any CPU
		Release|Any CPU = Release|Any CPU
	EndGlobalSection
	GlobalSection(ProjectConfigurationPlatforms) = postSolution
		{91B22BE1-C221-41D6-A6F6-FF62BBFF9B4D}.Debug|Any CPU.ActiveCfg = Debug|Any CPU
		{91B22BE1-C221-41D6-A6F6-FF62BBFF9B4D}.Debug|Any CPU.Build.0 = Debug|Any CPU
		{91B22BE1-C221-41D6-A6F6-FF62BBFF9B4D}.Release|Any CPU.ActiveCfg = Release|Any CPU
		{91B22BE1-C221-41D6-A6F6-FF62BBFF9B4D}.Release|Any CPU.Build.0 = Release|Any CPU
	EndGlobalSection
	GlobalSection(SolutionProperties) = preSolution
		HideSolutionNode = FALSE
	EndGlobalSection
	GlobalSection(ExtensibilityGlobals) = postSolution
		SolutionGuid = {A0A9249B-990C-4266-843A-1769848B4E82}
	EndGlobalSection
EndGlobal
